
Microsoft Visual Studio Solution File, Format Version 12.00
# Visual Studio 14
VisualStudioVersion = 14.0.25123.0
MinimumVisualStudioVersion = 10.0.40219.1
Project("{FAE04EC0-301F-11D3-BF4B-00C04F79EFBC}") = "MoneyManagement.DomainModel", "MoneyManagement.DomainModel\MoneyManagement.DomainModel.csproj", "{EB24D51D-8E8F-45ED-BAC3-C04CD0265F27}"
EndProject
Project("{FAE04EC0-301F-11D3-BF4B-00C04F79EFBC}") = "MoneyManagement.ServiceLayer", "MoneyManagement.ServiceLayer\MoneyManagement.ServiceLayer.csproj", "{550CF162-1E74-4A45-A5AA-ACF42E55AF81}"
EndProject
Project("{FAE04EC0-301F-11D3-BF4B-00C04F79EFBC}") = "MoneyManagement.Persistance", "MoneyManagement.Persistance\MoneyManagement.Persistance.csproj", "{E46FABEB-38E8-41FD-9A2B-3E54D662960C}"
EndProject
Project("{FAE04EC0-301F-11D3-BF4B-00C04F79EFBC}") = "MoneyManagement.Web", "MoneyManagement.Web\MoneyManagement.Web.csproj", "{19EBF0A8-35BF-4B0E-873F-23E897C86DF6}"
EndProject
Project("{FAE04EC0-301F-11D3-BF4B-00C04F79EFBC}") = "MoneyManagement.ServiceLayer.Test", "MoneyManagement.ServiceLayer.Test\MoneyManagement.ServiceLayer.Test.csproj", "{ED49E1C7-582D-4706-B8ED-A4179F343939}"
EndProject
Global
	GlobalSection(SolutionConfigurationPlatforms) = preSolution
		Debug|Any CPU = Debug|Any CPU
		Release|Any CPU = Release|Any CPU
	EndGlobalSection
	GlobalSection(ProjectConfigurationPlatforms) = postSolution
		{EB24D51D-8E8F-45ED-BAC3-C04CD0265F27}.Debug|Any CPU.ActiveCfg = Debug|Any CPU
		{EB24D51D-8E8F-45ED-BAC3-C04CD0265F27}.Debug|Any CPU.Build.0 = Debug|Any CPU
		{EB24D51D-8E8F-45ED-BAC3-C04CD0265F27}.Release|Any CPU.ActiveCfg = Release|Any CPU
		{EB24D51D-8E8F-45ED-BAC3-C04CD0265F27}.Release|Any CPU.Build.0 = Release|Any CPU
		{550CF162-1E74-4A45-A5AA-ACF42E55AF81}.Debug|Any CPU.ActiveCfg = Debug|Any CPU
		{550CF162-1E74-4A45-A5AA-ACF42E55AF81}.Debug|Any CPU.Build.0 = Debug|Any CPU
		{550CF162-1E74-4A45-A5AA-ACF42E55AF81}.Release|Any CPU.ActiveCfg = Release|Any CPU
		{550CF162-1E74-4A45-A5AA-ACF42E55AF81}.Release|Any CPU.Build.0 = Release|Any CPU
		{E46FABEB-38E8-41FD-9A2B-3E54D662960C}.Debug|Any CPU.ActiveCfg = Debug|Any CPU
		{E46FABEB-38E8-41FD-9A2B-3E54D662960C}.Debug|Any CPU.Build.0 = Debug|Any CPU
		{E46FABEB-38E8-41FD-9A2B-3E54D662960C}.Release|Any CPU.ActiveCfg = Release|Any CPU
		{E46FABEB-38E8-41FD-9A2B-3E54D662960C}.Release|Any CPU.Build.0 = Release|Any CPU
		{19EBF0A8-35BF-4B0E-873F-23E897C86DF6}.Debug|Any CPU.ActiveCfg = Debug|Any CPU
		{19EBF0A8-35BF-4B0E-873F-23E897C86DF6}.Debug|Any CPU.Build.0 = Debug|Any CPU
		{19EBF0A8-35BF-4B0E-873F-23E897C86DF6}.Release|Any CPU.ActiveCfg = Release|Any CPU
		{19EBF0A8-35BF-4B0E-873F-23E897C86DF6}.Release|Any CPU.Build.0 = Release|Any CPU
		{ED49E1C7-582D-4706-B8ED-A4179F343939}.Debug|Any CPU.ActiveCfg = Debug|Any CPU
		{ED49E1C7-582D-4706-B8ED-A4179F343939}.Debug|Any CPU.Build.0 = Debug|Any CPU
		{ED49E1C7-582D-4706-B8ED-A4179F343939}.Release|Any CPU.ActiveCfg = Release|Any CPU
		{ED49E1C7-582D-4706-B8ED-A4179F343939}.Release|Any CPU.Build.0 = Release|Any CPU
	EndGlobalSection
	GlobalSection(SolutionProperties) = preSolution
		HideSolutionNode = FALSE
	EndGlobalSection
EndGlobal
